dependencies:
  espressif/jsmn:
    component_hash: d80350c41bbaa827c98a25b6072df00884e72f54885996fab4a4f0aebce6b6c3
    source:
      service_url: https://api.components.espressif.com/
      type: service
    version: 1.1.0
  espressif/json_generator:
    component_hash: 45033e1c199b13f1c8c1b544fb7d4e2df6a8e3071ebdcb1b22582b61a7974ff2
    source:
      service_url: https://api.components.espressif.com/
      type: service
    version: 1.1.2
  espressif/json_parser:
    component_hash: d74b81729ad06ec11ff5eb5b1b0d7df1d00e6027fc11471f4b139c70dcf1b1e4
    source:
      service_url: https://api.components.espressif.com/
      type: service
    version: 1.0.3
  espressif/libsodium:
    component_hash: d4066b373fc6d4c5196db42aeea7faef4ac7f3080af96c2b74e2476c08b78dc1
    source:
      service_url: https://api.components.espressif.com/
      type: service
    version: 1.0.22~1
  espressif/mdns:
    component_hash: e81ca7a7f53ea34e78274df054da692c272e1315572876b237b1748e267c013b
    source:
      service_url: https://api.components.espressif.com/
      type: service
    version: 1.11.3
  idf:
    component_hash: null
    source:
      type: idf
    version: 5.4.0
manifest_hash: c7be4809ab0b46f072fecffc1e87b7c32338a99d0c34b8081ec69bb53ff47872
target: esp32c3
version: 1.0.0
